{
  "requires": true,
  "lockfileVersion": 1,
  "dependencies": {
    "gsap": {
      "version": "3.6.1",
      "resolved": "https://registry.npmjs.org/gsap/-/gsap-3.6.1.tgz",
      "integrity": "sha512-hCkjk7UVbeEmlpFbiy7lIsh742bwVlMhdCnnQ1CvVOAdURyPX8hXjFZGh/0YzUyAcWPyJPE0/paMhSYtLhGlfA=="
    },
    "vue": {
      "version": "2.6.12",
      "resolved": "https://registry.npmjs.org/vue/-/vue-2.6.12.tgz",
      "integrity": "sha512-uhmLFETqPPNyuLLbsKz6ioJ4q7AZHzD8ZVFNATNyICSZouqP2Sz0rotWQC8UNBF6VGSCs5abnKJoStA6JbCbfg=="
    },
    "vue-bar-graph": {
      "version": "1.2.2",
      "resolved": "https://registry.npmjs.org/vue-bar-graph/-/vue-bar-graph-1.2.2.tgz",
      "integrity": "sha512-XasqdeZeFAio2CgK04G3cHqY14Ogh/QibPX/uX1umkxLmguIKpSnU1cy8R8XQwmbIrS4c2v6Kp5c/A+QrBUfhg==",
      "requires": {
        "gsap": "^3.0.4",
        "vue": "^2.6.11"
      }
    }
  }
}
